// !$*UTF8*$!
{
	archiveVersion = 1;
	classes = {
	};
	objectVersion = 77;
	objects = {

/* Begin PBXBuildFile section */
		573164242E779302008C099F /* PackageKit.framework in Frameworks */ = {isa = PBXBuildFile; fileRef = 577759552E709A0D0008867E /* PackageKit.framework */; };
		573F1C142E7A492300C85B6E /* EasyPKGService in CopyFiles */ = {isa = PBXBuildFile; fileRef = 573F1C0C2E7A48F000C85B6E /* EasyPKGService */; settings = {ATTRIBUTES = (CodeSignOnCopy, ); }; };
		576F3CEA2E81BD4E00DB11EA /* Sparkle in Frameworks */ = {isa = PBXBuildFile; productRef = 576F3CE92E81BD4E00DB11EA /* Sparkle */; };
/* End PBXBuildFile section */

/* Begin PBXCopyFilesBuildPhase section */
		573F1C0A2E7A48F000C85B6E /* CopyFiles */ = {
			isa = PBXCopyFilesBuildPhase;
			buildActionMask = 2147483647;
			dstPath = /usr/share/man/man1/;
			dstSubfolderSpec = 0;
			files = (
			);
			runOnlyForDeploymentPostprocessing = 1;
		};
		573F1C132E7A491C00C85B6E /* CopyFiles */ = {
			isa = PBXCopyFilesBuildPhase;
			buildActionMask = 2147483647;
			dstPath = "";
			dstSubfolderSpec = 6;
			files = (
				573F1C142E7A492300C85B6E /* EasyPKGService in CopyFiles */,
			);
			runOnlyForDeploymentPostprocessing = 0;
		};
		573F1C162E7A4A0600C85B6E /* CopyFiles */ = {
			isa = PBXCopyFilesBuildPhase;
			buildActionMask = 2147483647;
			dstPath = Contents/Library/LaunchDaemons;
			dstSubfolderSpec = 1;
			files = (
			);
			runOnlyForDeploymentPostprocessing = 0;
		};
/* End PBXCopyFilesBuildPhase section */

/* Begin PBXFileReference section */
		5731640D2E778FAD008C099F /* EasyPKG.app */ = {isa = PBXFileReference; explicitFileType = wrapper.application; includeInIndex = 0; path = EasyPKG.app; sourceTree = BUILT_PRODUCTS_DIR; };
		573F1C0C2E7A48F000C85B6E /* EasyPKGService */ = {isa = PBXFileReference; explicitFileType = "compiled.mach-o.executable"; includeInIndex = 0; path = EasyPKGService; sourceTree = BUILT_PRODUCTS_DIR; };
		577759552E709A0D0008867E /* PackageKit.framework */ = {isa = PBXFileReference; lastKnownFileType = wrapper.framework; name = PackageKit.framework; path = ../../../../System/Library/PrivateFrameworks/PackageKit.framework; sourceTree = "<group>"; };
/* End PBXFileReference section */

/* Begin PBXFileSystemSynchronizedBuildFileExceptionSet section */
		573F1C292E7A54BA00C85B6E /* Exceptions for "Shared" folder in "EasyPKGService" target */ = {
			isa = PBXFileSystemSynchronizedBuildFileExceptionSet;
			membershipExceptions = (
				EGHelperProtocol.swift,
			);
			target = 573F1C0B2E7A48F000C85B6E /* EasyPKGService */;
		};
		576F3CEC2E81BDCB00DB11EA /* Exceptions for "EasyPKG" folder in "EasyPKG" target */ = {
			isa = PBXFileSystemSynchronizedBuildFileExceptionSet;
			membershipExceptions = (
				Resources/Info.plist,
			);
			target = 5731640C2E778FAD008C099F /* EasyPKG */;
		};
/* End PBXFileSystemSynchronizedBuildFileExceptionSet section */

/* Begin PBXFileSystemSynchronizedGroupBuildPhaseMembershipExceptionSet section */
		573F1C182E7A4A0C00C85B6E /* Exceptions for "EasyPKGService" folder in "Copy Files" phase from "EasyPKG" target */ = {
			isa = PBXFileSystemSynchronizedGroupBuildPhaseMembershipExceptionSet;
			attributesByRelativePath = {
				thewonderofyou.EasyPKG.Helper.plist = (CodeSignOnCopy, );
			};
			buildPhase = 573F1C162E7A4A0600C85B6E /* CopyFiles */;
			membershipExceptions = (
				thewonderofyou.EasyPKG.Helper.plist,
			);
		};
/* End PBXFileSystemSynchronizedGroupBuildPhaseMembershipExceptionSet section */

/* Begin PBXFileSystemSynchronizedRootGroup section */
		5731640E2E778FAD008C099F /* EasyPKG */ = {
			isa = PBXFileSystemSynchronizedRootGroup;
			exceptions = (
				576F3CEC2E81BDCB00DB11EA /* Exceptions for "EasyPKG" folder in "EasyPKG" target */,
			);
			path = EasyPKG;
			sourceTree = "<group>";
		};
		573F1C0D2E7A48F000C85B6E /* EasyPKGService */ = {
			isa = PBXFileSystemSynchronizedRootGroup;
			exceptions = (
				573F1C182E7A4A0C00C85B6E /* Exceptions for "EasyPKGService" folder in "Copy Files" phase from "EasyPKG" target */,
			);
			path = EasyPKGService;
			sourceTree = "<group>";
		};
		573F1C1E2E7A52BD00C85B6E /* Shared */ = {
			isa = PBXFileSystemSynchronizedRootGroup;
			exceptions = (
				573F1C292E7A54BA00C85B6E /* Exceptions for "Shared" folder in "EasyPKGService" target */,
			);
			path = Shared;
			sourceTree = "<group>";
		};
/* End PBXFileSystemSynchronizedRootGroup section */

/* Begin PBXFrameworksBuildPhase section */
		5731640A2E778FAD008C099F /* Frameworks */ = {
			isa = PBXFrameworksBuildPhase;
			buildActionMask = 2147483647;
			files = (
				573164242E779302008C099F /* PackageKit.framework in Frameworks */,
				576F3CEA2E81BD4E00DB11EA /* Sparkle in Frameworks */,
			);
			runOnlyForDeploymentPostprocessing = 0;
		};
		573F1C092E7A48F000C85B6E /* Frameworks */ = {
			isa = PBXFrameworksBuildPhase;
			buildActionMask = 2147483647;
			files = (
			);
			runOnlyForDeploymentPostprocessing = 0;
		};
/* End PBXFrameworksBuildPhase section */

/* Begin PBXGroup section */
		577759412E7098B80008867E = {
			isa = PBXGroup;
			children = (
				573F1C1E2E7A52BD00C85B6E /* Shared */,
				5731640E2E778FAD008C099F /* EasyPKG */,
				573F1C0D2E7A48F000C85B6E /* EasyPKGService */,
				577759542E709A0D0008867E /* Frameworks */,
				5777594B2E7098B80008867E /* Products */,
			);
			sourceTree = "<group>";
		};
		5777594B2E7098B80008867E /* Products */ = {
			isa = PBXGroup;
			children = (
				5731640D2E778FAD008C099F /* EasyPKG.app */,
				573F1C0C2E7A48F000C85B6E /* EasyPKGService */,
			);
			name = Products;
			sourceTree = "<group>";
		};
		577759542E709A0D0008867E /* Frameworks */ = {
			isa = PBXGroup;
			children = (
				577759552E709A0D0008867E /* PackageKit.framework */,
			);
			name = Frameworks;
			sourceTree = "<group>";
		};
/* End PBXGroup section */

/* Begin PBXNativeTarget section */
		5731640C2E778FAD008C099F /* EasyPKG */ = {
			isa = PBXNativeTarget;
			buildConfigurationList = 573164192E778FAF008C099F /* Build configuration list for PBXNativeTarget "EasyPKG" */;
			buildPhases = (
				573164092E778FAD008C099F /* Sources */,
				5731640A2E778FAD008C099F /* Frameworks */,
				5731640B2E778FAD008C099F /* Resources */,
				573F1C132E7A491C00C85B6E /* CopyFiles */,
				573F1C162E7A4A0600C85B6E /* CopyFiles */,
			);
			buildRules = (
			);
			dependencies = (
			);
			fileSystemSynchronizedGroups = (
				5731640E2E778FAD008C099F /* EasyPKG */,
				573F1C1E2E7A52BD00C85B6E /* Shared */,
			);
			name = EasyPKG;
			packageProductDependencies = (
				576F3CE92E81BD4E00DB11EA /* Sparkle */,
			);
			productName = easypkg;
			productReference = 5731640D2E778FAD008C099F /* EasyPKG.app */;
			productType = "com.apple.product-type.application";
		};
		573F1C0B2E7A48F000C85B6E /* EasyPKGService */ = {
			isa = PBXNativeTarget;
			buildConfigurationList = 573F1C102E7A48F000C85B6E /* Build configuration list for PBXNativeTarget "EasyPKGService" */;
			buildPhases = (
				573F1C082E7A48F000C85B6E /* Sources */,
				573F1C092E7A48F000C85B6E /* Frameworks */,
				573F1C0A2E7A48F000C85B6E /* CopyFiles */,
			);
			buildRules = (
			);
			dependencies = (
			);
			fileSystemSynchronizedGroups = (
				573F1C0D2E7A48F000C85B6E /* EasyPKGService */,
			);
			name = EasyPKGService;
			packageProductDependencies = (
			);
			productName = EasyPKGService;
			productReference = 573F1C0C2E7A48F000C85B6E /* EasyPKGService */;
			productType = "com.apple.product-type.tool";
		};
/* End PBXNativeTarget section */

/* Begin PBXProject section */
		577759422E7098B80008867E /* Project object */ = {
			isa = PBXProject;
			attributes = {
				BuildIndependentTargetsInParallel = 1;
				LastSwiftUpdateCheck = 1620;
				LastUpgradeCheck = 1620;
				TargetAttributes = {
					5731640C2E778FAD008C099F = {
						CreatedOnToolsVersion = 16.2;
						LastSwiftMigration = 1620;
					};
					573F1C0B2E7A48F000C85B6E = {
						CreatedOnToolsVersion = 16.2;
					};
				};
			};
			buildConfigurationList = 577759452E7098B80008867E /* Build configuration list for PBXProject "EasyPKG" */;
			developmentRegion = en;
			hasScannedForEncodings = 0;
			knownRegions = (
				en,
				Base,
			);
			mainGroup = 577759412E7098B80008867E;
			minimizedProjectReferenceProxies = 1;
			packageReferences = (
				576F3CE82E81BD4E00DB11EA /* XCRemoteSwiftPackageReference "Sparkle" */,
			);
			preferredProjectObjectVersion = 77;
			productRefGroup = 5777594B2E7098B80008867E /* Products */;
			projectDirPath = "";
			projectRoot = "";
			targets = (
				5731640C2E778FAD008C099F /* EasyPKG */,
				573F1C0B2E7A48F000C85B6E /* EasyPKGService */,
			);
		};
/* End PBXProject section */

/* Begin PBXResourcesBuildPhase section */
		5731640B2E778FAD008C099F /* Resources */ = {
			isa = PBXResourcesBuildPhase;
			buildActionMask = 2147483647;
			files = (
			);
			runOnlyForDeploymentPostprocessing = 0;
		};
/* End PBXResourcesBuildPhase section */

/* Begin PBXSourcesBuildPhase section */
		573164092E778FAD008C099F /* Sources */ = {
			isa = PBXSourcesBuildPhase;
			buildActionMask = 2147483647;
			files = (
			);
			runOnlyForDeploymentPostprocessing = 0;
		};
		573F1C082E7A48F000C85B6E /* Sources */ = {
			isa = PBXSourcesBuildPhase;
			buildActionMask = 2147483647;
			files = (
			);
			runOnlyForDeploymentPostprocessing = 0;
		};
/* End PBXSourcesBuildPhase section */

/* Begin XCBuildConfiguration section */
		5731641A2E778FAF008C099F /* Debug */ = {
			isa = XCBuildConfiguration;
			buildSettings = {
				ASSETCATALOG_COMPILER_APPICON_NAME = AppIcon;
				ASSETCATALOG_COMPILER_GLOBAL_ACCENT_COLOR_NAME = AccentColor;
				CLANG_ENABLE_MODULES = YES;
				CODE_SIGN_ENTITLEMENTS = "EasyPKG/Supporting Files/easypkg.entitlements";
				CODE_SIGN_STYLE = Automatic;
				COMBINE_HIDPI_IMAGES = YES;
				CURRENT_PROJECT_VERSION = 1.1.1;
				DEVELOPMENT_TEAM = 95J8WZ4TN8;
				ENABLE_HARDENED_RUNTIME = YES;
				ENABLE_PREVIEWS = YES;
				GENERATE_INFOPLIST_FILE = YES;
				INFOPLIST_FILE = EasyPKG/Resources/Info.plist;
				INFOPLIST_KEY_CFBundleDisplayName = EasyPKG;
				INFOPLIST_KEY_LSApplicationCategoryType = "public.app-category.utilities";
				INFOPLIST_KEY_NSHumanReadableCopyright = "";
				LD_RUNPATH_SEARCH_PATHS = (
					"$(inherited)",
					"@executable_path/../Frameworks",
				);
				LOCALIZED_STRING_SWIFTUI_SUPPORT = NO;
				MARKETING_VERSION = 1.1.1;
				PRODUCT_BUNDLE_IDENTIFIER = thewonderofyou.EasyPKG;
				PRODUCT_NAME = "$(TARGET_NAME)";
				SWIFT_EMIT_LOC_STRINGS = NO;
				SWIFT_OBJC_BRIDGING_HEADER = "EasyPKG/Supporting Files/easypkg-Bridging-Header.h";
				SWIFT_OPTIMIZATION_LEVEL = "-Onone";
				SWIFT_VERSION = 5.0;
				SYSTEM_FRAMEWORK_SEARCH_PATHS = (
					"$(inherited)",
					"$(SYSTEM_LIBRARY_DIR)/PrivateFrameworks",
				);
			};
			name = Debug;
		};
		5731641B2E778FAF008C099F /* Release */ = {
			isa = XCBuildConfiguration;
			buildSettings = {
				ASSETCATALOG_COMPILER_APPICON_NAME = AppIcon;
				ASSETCATALOG_COMPILER_GLOBAL_ACCENT_COLOR_NAME = AccentColor;
				CLANG_ENABLE_MODULES = YES;
				CODE_SIGN_ENTITLEMENTS = "EasyPKG/Supporting Files/easypkg.entitlements";
				CODE_SIGN_STYLE = Automatic;
				COMBINE_HIDPI_IMAGES = YES;
				CURRENT_PROJECT_VERSION = 1.1.1;
				DEVELOPMENT_TEAM = 95J8WZ4TN8;
				ENABLE_HARDENED_RUNTIME = YES;
				ENABLE_PREVIEWS = YES;
				GENERATE_INFOPLIST_FILE = YES;
				INFOPLIST_FILE = EasyPKG/Resources/Info.plist;
				INFOPLIST_KEY_CFBundleDisplayName = EasyPKG;
				INFOPLIST_KEY_LSApplicationCategoryType = "public.app-category.utilities";
				INFOPLIST_KEY_NSHumanReadableCopyright = "";
				LD_RUNPATH_SEARCH_PATHS = (
					"$(inherited)",
					"@executable_path/../Frameworks",
				);
				LOCALIZED_STRING_SWIFTUI_SUPPORT = NO;
				MARKETING_VERSION = 1.1.1;
				PRODUCT_BUNDLE_IDENTIFIER = thewonderofyou.EasyPKG;
				PRODUCT_NAME = "$(TARGET_NAME)";
				SWIFT_EMIT_LOC_STRINGS = NO;
				SWIFT_OBJC_BRIDGING_HEADER = "EasyPKG/Supporting Files/easypkg-Bridging-Header.h";
				SWIFT_VERSION = 5.0;
				SYSTEM_FRAMEWORK_SEARCH_PATHS = (
					"$(inherited)",
					"$(SYSTEM_LIBRARY_DIR)/PrivateFrameworks",
				);
			};
			name = Release;
		};
		573F1C112E7A48F000C85B6E /* Debug */ = {
			isa = XCBuildConfiguration;
			buildSettings = {
				CODE_SIGN_STYLE = Automatic;
				DEVELOPMENT_TEAM = 95J8WZ4TN8;
				ENABLE_HARDENED_RUNTIME = YES;
				LOCALIZED_STRING_SWIFTUI_SUPPORT = NO;
				PRODUCT_BUNDLE_IDENTIFIER = thewonderofyou.EasyPKG.Helper;
				PRODUCT_NAME = "$(TARGET_NAME)";
				SKIP_INSTALL = YES;
				SWIFT_EMIT_LOC_STRINGS = NO;
				SWIFT_VERSION = 5.0;
			};
			name = Debug;
		};
		573F1C122E7A48F000C85B6E /* Release */ = {
			isa = XCBuildConfiguration;
			buildSettings = {
				CODE_SIGN_STYLE = Automatic;
				DEVELOPMENT_TEAM = 95J8WZ4TN8;
				ENABLE_HARDENED_RUNTIME = YES;
				LOCALIZED_STRING_SWIFTUI_SUPPORT = NO;
				PRODUCT_BUNDLE_IDENTIFIER = thewonderofyou.EasyPKG.Helper;
				PRODUCT_NAME = "$(TARGET_NAME)";
				SKIP_INSTALL = YES;
				SWIFT_EMIT_LOC_STRINGS = NO;
				SWIFT_VERSION = 5.0;
			};
			name = Release;
		};
		5777594F2E7098B80008867E /* Debug */ = {
			isa = XCBuildConfiguration;
			buildSettings = {
				ALWAYS_SEARCH_USER_PATHS = NO;
				ASSETCATALOG_COMPILER_GENERATE_SWIFT_ASSET_SYMBOL_EXTENSIONS = YES;
				CLANG_ANALYZER_NONNULL = YES;
				CLANG_ANALYZER_NUMBER_OBJECT_CONVERSION = YES_AGGRESSIVE;
				CLANG_CXX_LANGUAGE_STANDARD = "gnu++20";
				CLANG_ENABLE_MODULES = YES;
				CLANG_ENABLE_OBJC_ARC = YES;
				CLANG_ENABLE_OBJC_WEAK = YES;
				CLANG_WARN_BLOCK_CAPTURE_AUTORELEASING = YES;
				CLANG_WARN_BOOL_CONVERSION = YES;
				CLANG_WARN_COMMA = YES;
				CLANG_WARN_CONSTANT_CONVERSION = YES;
				CLANG_WARN_DEPRECATED_OBJC_IMPLEMENTATIONS = YES;
				CLANG_WARN_DIRECT_OBJC_ISA_USAGE = YES_ERROR;
				CLANG_WARN_DOCUMENTATION_COMMENTS = YES;
				CLANG_WARN_EMPTY_BODY = YES;
				CLANG_WARN_ENUM_CONVERSION = YES;
				CLANG_WARN_INFINITE_RECURSION = YES;
				CLANG_WARN_INT_CONVERSION = YES;
				CLANG_WARN_NON_LITERAL_NULL_CONVERSION = YES;
				CLANG_WARN_OBJC_IMPLICIT_RETAIN_SELF = YES;
				CLANG_WARN_OBJC_LITERAL_CONVERSION = YES;
				CLANG_WARN_OBJC_ROOT_CLASS = YES_ERROR;
				CLANG_WARN_QUOTED_INCLUDE_IN_FRAMEWORK_HEADER = YES;
				CLANG_WARN_RANGE_LOOP_ANALYSIS = YES;
				CLANG_WARN_STRICT_PROTOTYPES = YES;
				CLANG_WARN_SUSPICIOUS_MOVE = YES;
				CLANG_WARN_UNGUARDED_AVAILABILITY = YES_AGGRESSIVE;
				CLANG_WARN_UNREACHABLE_CODE = YES;
				CLANG_WARN__DUPLICATE_METHOD_MATCH = YES;
				COPY_PHASE_STRIP = NO;
				DEBUG_INFORMATION_FORMAT = dwarf;
				ENABLE_STRICT_OBJC_MSGSEND = YES;
				ENABLE_TESTABILITY = YES;
				ENABLE_USER_SCRIPT_SANDBOXING = YES;
				GCC_C_LANGUAGE_STANDARD = gnu17;
				GCC_DYNAMIC_NO_PIC = NO;
				GCC_NO_COMMON_BLOCKS = YES;
				GCC_OPTIMIZATION_LEVEL = 0;
				GCC_PREPROCESSOR_DEFINITIONS = (
					"DEBUG=1",
					"$(inherited)",
				);
				GCC_WARN_64_TO_32_BIT_CONVERSION = YES;
				GCC_WARN_ABOUT_RETURN_TYPE = YES_ERROR;
				GCC_WARN_UNDECLARED_SELECTOR = YES;
				GCC_WARN_UNINITIALIZED_AUTOS = YES_AGGRESSIVE;
				GCC_WARN_UNUSED_FUNCTION = YES;
				GCC_WARN_UNUSED_VARIABLE = YES;
				LOCALIZATION_PREFERS_STRING_CATALOGS = YES;
				MACOSX_DEPLOYMENT_TARGET = 15.2;
				MTL_ENABLE_DEBUG_INFO = INCLUDE_SOURCE;
				MTL_FAST_MATH = YES;
				ONLY_ACTIVE_ARCH = YES;
				SDKROOT = macosx;
				SWIFT_ACTIVE_COMPILATION_CONDITIONS = "DEBUG $(inherited)";
				SWIFT_EMIT_LOC_STRINGS = YES;
				SWIFT_OPTIMIZATION_LEVEL = "-Onone";
			};
			name = Debug;
		};
		577759502E7098B80008867E /* Release */ = {
			isa = XCBuildConfiguration;
			buildSettings = {
				ALWAYS_SEARCH_USER_PATHS = NO;
				ASSETCATALOG_COMPILER_GENERATE_SWIFT_ASSET_SYMBOL_EXTENSIONS = YES;
				CLANG_ANALYZER_NONNULL = YES;
				CLANG_ANALYZER_NUMBER_OBJECT_CONVERSION = YES_AGGRESSIVE;
				CLANG_CXX_LANGUAGE_STANDARD = "gnu++20";
				CLANG_ENABLE_MODULES = YES;
				CLANG_ENABLE_OBJC_ARC = YES;
				CLANG_ENABLE_OBJC_WEAK = YES;
				CLANG_WARN_BLOCK_CAPTURE_AUTORELEASING = YES;
				CLANG_WARN_BOOL_CONVERSION = YES;
				CLANG_WARN_COMMA = YES;
				CLANG_WARN_CONSTANT_CONVERSION = YES;
				CLANG_WARN_DEPRECATED_OBJC_IMPLEMENTATIONS = YES;
				CLANG_WARN_DIRECT_OBJC_ISA_USAGE = YES_ERROR;
				CLANG_WARN_DOCUMENTATION_COMMENTS = YES;
				CLANG_WARN_EMPTY_BODY = YES;
				CLANG_WARN_ENUM_CONVERSION = YES;
				CLANG_WARN_INFINITE_RECURSION = YES;
				CLANG_WARN_INT_CONVERSION = YES;
				CLANG_WARN_NON_LITERAL_NULL_CONVERSION = YES;
				CLANG_WARN_OBJC_IMPLICIT_RETAIN_SELF = YES;
				CLANG_WARN_OBJC_LITERAL_CONVERSION = YES;
				CLANG_WARN_OBJC_ROOT_CLASS = YES_ERROR;
				CLANG_WARN_QUOTED_INCLUDE_IN_FRAMEWORK_HEADER = YES;
				CLANG_WARN_RANGE_LOOP_ANALYSIS = YES;
				CLANG_WARN_STRICT_PROTOTYPES = YES;
				CLANG_WARN_SUSPICIOUS_MOVE = YES;
				CLANG_WARN_UNGUARDED_AVAILABILITY = YES_AGGRESSIVE;
				CLANG_WARN_UNREACHABLE_CODE = YES;
				CLANG_WARN__DUPLICATE_METHOD_MATCH = YES;
				COPY_PHASE_STRIP = NO;
				DEBUG_INFORMATION_FORMAT = "dwarf-with-dsym";
				ENABLE_NS_ASSERTIONS = NO;
				ENABLE_STRICT_OBJC_MSGSEND = YES;
				ENABLE_USER_SCRIPT_SANDBOXING = YES;
				GCC_C_LANGUAGE_STANDARD = gnu17;
				GCC_NO_COMMON_BLOCKS = YES;
				GCC_WARN_64_TO_32_BIT_CONVERSION = YES;
				GCC_WARN_ABOUT_RETURN_TYPE = YES_ERROR;
				GCC_WARN_UNDECLARED_SELECTOR = YES;
				GCC_WARN_UNINITIALIZED_AUTOS = YES_AGGRESSIVE;
				GCC_WARN_UNUSED_FUNCTION = YES;
				GCC_WARN_UNUSED_VARIABLE = YES;
				LOCALIZATION_PREFERS_STRING_CATALOGS = YES;
				MACOSX_DEPLOYMENT_TARGET = 15.2;
				MTL_ENABLE_DEBUG_INFO = NO;
				MTL_FAST_MATH = YES;
				SDKROOT = macosx;
				SWIFT_COMPILATION_MODE = wholemodule;
				SWIFT_EMIT_LOC_STRINGS = YES;
			};
			name = Release;
		};
/* End XCBuildConfiguration section */

/* Begin XCConfigurationList section */
		573164192E778FAF008C099F /* Build configuration list for PBXNativeTarget "EasyPKG" */ = {
			isa = XCConfigurationList;
			buildConfigurations = (
				5731641A2E778FAF008C099F /* Debug */,
				5731641B2E778FAF008C099F /* Release */,
			);
			defaultConfigurationIsVisible = 0;
			defaultConfigurationName = Release;
		};
		573F1C102E7A48F000C85B6E /* Build configuration list for PBXNativeTarget "EasyPKGService" */ = {
			isa = XCConfigurationList;
			buildConfigurations = (
				573F1C112E7A48F000C85B6E /* Debug */,
				573F1C122E7A48F000C85B6E /* Release */,
			);
			defaultConfigurationIsVisible = 0;
			defaultConfigurationName = Release;
		};
		577759452E7098B80008867E /* Build configuration list for PBXProject "EasyPKG" */ = {
			isa = XCConfigurationList;
			buildConfigurations = (
				5777594F2E7098B80008867E /* Debug */,
				577759502E7098B80008867E /* Release */,
			);
			defaultConfigurationIsVisible = 0;
			defaultConfigurationName = Release;
		};
/* End XCConfigurationList section */

/* Begin XCRemoteSwiftPackageReference section */
		576F3CE82E81BD4E00DB11EA /* XCRemoteSwiftPackageReference "Sparkle" */ = {
			isa = XCRemoteSwiftPackageReference;
			repositoryURL = "https://github.com/sparkle-project/Sparkle";
			requirement = {
				kind = upToNextMajorVersion;
				minimumVersion = 2.8.0;
			};
		};
/* End XCRemoteSwiftPackageReference section */

/* Begin XCSwiftPackageProductDependency section */
		576F3CE92E81BD4E00DB11EA /* Sparkle */ = {
			isa = XCSwiftPackageProductDependency;
			package = 576F3CE82E81BD4E00DB11EA /* XCRemoteSwiftPackageReference "Sparkle" */;
			productName = Sparkle;
		};
/* End XCSwiftPackageProductDependency section */
	};
	rootObject = 577759422E7098B80008867E /* Project object */;
}
